// !$*UTF8*$!
{
	archiveVersion = 1;
	classes = {
	};
	objectVersion = 52;
	objects = {

/* Begin PBXBuildFile section */
		95189DFB26BBF70B0024C858 /* TradesApp.swift in Sources */ = {isa = PBXBuildFile; fileRef = 95189DFA26BBF70B0024C858 /* TradesApp.swift */; };
		95189DFD26BBF70B0024C858 /* ContentView.swift in Sources */ = {isa = PBXBuildFile; fileRef = 95189DFC26BBF70B0024C858 /* ContentView.swift */; };
		95189DFF26BBF70C0024C858 /* Assets.xcassets in Resources */ = {isa = PBXBuildFile; fileRef = 95189DFE26BBF70C0024C858 /* Assets.xcassets */; };
		95189E0226BBF70C0024C858 /* Preview Assets.xcassets in Resources */ = {isa = PBXBuildFile; fileRef = 95189E0126BBF70C0024C858 /* Preview Assets.xcassets */; };
		95189E0A26BBF8870024C858 /* Explorer.swift in Sources */ = {isa = PBXBuildFile; fileRef = 95189E0926BBF8870024C858 /* Explorer.swift */; };
		95189E0C26BBF89E0024C858 /* Details.swift in Sources */ = {isa = PBXBuildFile; fileRef = 95189E0B26BBF89E0024C858 /* Details.swift */; };
		95189E0F26BBFD4A0024C858 /* StockCharts in Frameworks */ = {isa = PBXBuildFile; productRef = 95189E0E26BBFD4A0024C858 /* StockCharts */; };
		95189E1526BC01580024C858 /* CompanyModel.swift in Sources */ = {isa = PBXBuildFile; fileRef = 95189E1426BC01580024C858 /* CompanyModel.swift */; };
		95189E1826BC01BD0024C858 /* JsonManager.swift in Sources */ = {isa = PBXBuildFile; fileRef = 95189E1726BC01BD0024C858 /* JsonManager.swift */; };
		95189E1A26BC02360024C858 /* Company.swift in Sources */ = {isa = PBXBuildFile; fileRef = 95189E1926BC02360024C858 /* Company.swift */; };
		95189E1C26BC0A930024C858 /* RandomDataManager.swift in Sources */ = {isa = PBXBuildFile; fileRef = 95189E1B26BC0A930024C858 /* RandomDataManager.swift */; };
		95189E1E26BC0DC70024C858 /* MostActive.json in Resources */ = {isa = PBXBuildFile; fileRef = 95189E1D26BC0DC70024C858 /* MostActive.json */; };
		95189E2226BC0E080024C858 /* Gainers.json in Resources */ = {isa = PBXBuildFile; fileRef = 95189E2126BC0E080024C858 /* Gainers.json */; };
		95189E2426BC0E170024C858 /* Losers.json in Resources */ = {isa = PBXBuildFile; fileRef = 95189E2326BC0E170024C858 /* Losers.json */; };
		95189E2626BC0E4A0024C858 /* Popular.json in Resources */ = {isa = PBXBuildFile; fileRef = 95189E2526BC0E4A0024C858 /* Popular.json */; };
		95189E2826BC0EBE0024C858 /* CompanyRow.swift in Sources */ = {isa = PBXBuildFile; fileRef = 95189E2726BC0EBE0024C858 /* CompanyRow.swift */; };
		95189E2A26BC21230024C858 /* Popular.swift in Sources */ = {isa = PBXBuildFile; fileRef = 95189E2926BC21230024C858 /* Popular.swift */; };
/* End PBXBuildFile section */

/* Begin PBXFileReference section */
		95189DF726BBF70B0024C858 /* Trades.app */ = {isa = PBXFileReference; explicitFileType = wrapper.application; includeInIndex = 0; path = Trades.app; sourceTree = BUILT_PRODUCTS_DIR; };
		95189DFA26BBF70B0024C858 /* TradesApp.swift */ = {isa = PBXFileReference; lastKnownFileType = sourcecode.swift; path = TradesApp.swift; sourceTree = "<group>"; };
		95189DFC26BBF70B0024C858 /* ContentView.swift */ = {isa = PBXFileReference; lastKnownFileType = sourcecode.swift; path = ContentView.swift; sourceTree = "<group>"; };
		95189DFE26BBF70C0024C858 /* Assets.xcassets */ = {isa = PBXFileReference; lastKnownFileType = folder.assetcatalog; path = Assets.xcassets; sourceTree = "<group>"; };
		95189E0126BBF70C0024C858 /* Preview Assets.xcassets */ = {isa = PBXFileReference; lastKnownFileType = folder.assetcatalog; path = "Preview Assets.xcassets"; sourceTree = "<group>"; };
		95189E0326BBF70C0024C858 /* Info.plist */ = {isa = PBXFileReference; lastKnownFileType = text.plist.xml; path = Info.plist; sourceTree = "<group>"; };
		95189E0926BBF8870024C858 /* Explorer.swift */ = {isa = PBXFileReference; lastKnownFileType = sourcecode.swift; path = Explorer.swift; sourceTree = "<group>"; };
		95189E0B26BBF89E0024C858 /* Details.swift */ = {isa = PBXFileReference; lastKnownFileType = sourcecode.swift; path = Details.swift; sourceTree = "<group>"; };
		95189E1426BC01580024C858 /* CompanyModel.swift */ = {isa = PBXFileReference; lastKnownFileType = sourcecode.swift; path = CompanyModel.swift; sourceTree = "<group>"; };
		95189E1726BC01BD0024C858 /* JsonManager.swift */ = {isa = PBXFileReference; lastKnownFileType = sourcecode.swift; path = JsonManager.swift; sourceTree = "<group>"; };
		95189E1926BC02360024C858 /* Company.swift */ = {isa = PBXFileReference; lastKnownFileType = sourcecode.swift; path = Company.swift; sourceTree = "<group>"; };
		95189E1B26BC0A930024C858 /* RandomDataManager.swift */ = {isa = PBXFileReference; lastKnownFileType = sourcecode.swift; path = RandomDataManager.swift; sourceTree = "<group>"; };
		95189E1D26BC0DC70024C858 /* MostActive.json */ = {isa = PBXFileReference; lastKnownFileType = text.json; path = MostActive.json; sourceTree = "<group>"; };
		95189E2126BC0E080024C858 /* Gainers.json */ = {isa = PBXFileReference; lastKnownFileType = text.json; path = Gainers.json; sourceTree = "<group>"; };
		95189E2326BC0E170024C858 /* Losers.json */ = {isa = PBXFileReference; lastKnownFileType = text.json; path = Losers.json; sourceTree = "<group>"; };
		95189E2526BC0E4A0024C858 /* Popular.json */ = {isa = PBXFileReference; lastKnownFileType = text.json; path = Popular.json; sourceTree = "<group>"; };
		95189E2726BC0EBE0024C858 /* CompanyRow.swift */ = {isa = PBXFileReference; lastKnownFileType = sourcecode.swift; path = CompanyRow.swift; sourceTree = "<group>"; };
		95189E2926BC21230024C858 /* Popular.swift */ = {isa = PBXFileReference; lastKnownFileType = sourcecode.swift; path = Popular.swift; sourceTree = "<group>"; };
/* End PBXFileReference section */

/* Begin PBXFrameworksBuildPhase section */
		95189DF426BBF70B0024C858 /* Frameworks */ = {
			isa = PBXFrameworksBuildPhase;
			buildActionMask = 2147483647;
			files = (
				95189E0F26BBFD4A0024C858 /* StockCharts in Frameworks */,
			);
			runOnlyForDeploymentPostprocessing = 0;
		};
/* End PBXFrameworksBuildPhase section */

/* Begin PBXGroup section */
		95189DEE26BBF70B0024C858 = {
			isa = PBXGroup;
			children = (
				95189DF926BBF70B0024C858 /* Trades */,
				95189DF826BBF70B0024C858 /* Products */,
			);
			sourceTree = "<group>";
		};
		95189DF826BBF70B0024C858 /* Products */ = {
			isa = PBXGroup;
			children = (
				95189DF726BBF70B0024C858 /* Trades.app */,
			);
			name = Products;
			sourceTree = "<group>";
		};
		95189DF926BBF70B0024C858 /* Trades */ = {
			isa = PBXGroup;
			children = (
				95189DFA26BBF70B0024C858 /* TradesApp.swift */,
				95189DFC26BBF70B0024C858 /* ContentView.swift */,
				95189E0926BBF8870024C858 /* Explorer.swift */,
				95189E2926BC21230024C858 /* Popular.swift */,
				95189E0B26BBF89E0024C858 /* Details.swift */,
				95189DFE26BBF70C0024C858 /* Assets.xcassets */,
				95189E0326BBF70C0024C858 /* Info.plist */,
				95189E1626BC01AB0024C858 /* Helpers */,
				95189E1326BC01460024C858 /* Models */,
				95189E1026BC01240024C858 /* Resources */,
				95189E0026BBF70C0024C858 /* Preview Content */,
			);
			path = Trades;
			sourceTree = "<group>";
		};
		95189E0026BBF70C0024C858 /* Preview Content */ = {
			isa = PBXGroup;
			children = (
				95189E0126BBF70C0024C858 /* Preview Assets.xcassets */,
			);
			path = "Preview Content";
			sourceTree = "<group>";
		};
		95189E1026BC01240024C858 /* Resources */ = {
			isa = PBXGroup;
			children = (
				95189E1D26BC0DC70024C858 /* MostActive.json */,
				95189E2126BC0E080024C858 /* Gainers.json */,
				95189E2326BC0E170024C858 /* Losers.json */,
				95189E2526BC0E4A0024C858 /* Popular.json */,
			);
			path = Resources;
			sourceTree = "<group>";
		};
		95189E1326BC01460024C858 /* Models */ = {
			isa = PBXGroup;
			children = (
				95189E1426BC01580024C858 /* CompanyModel.swift */,
			);
			path = Models;
			sourceTree = "<group>";
		};
		95189E1626BC01AB0024C858 /* Helpers */ = {
			isa = PBXGroup;
			children = (
				95189E1726BC01BD0024C858 /* JsonManager.swift */,
				95189E1926BC02360024C858 /* Company.swift */,
				95189E1B26BC0A930024C858 /* RandomDataManager.swift */,
				95189E2726BC0EBE0024C858 /* CompanyRow.swift */,
			);
			path = Helpers;
			sourceTree = "<group>";
		};
/* End PBXGroup section */

/* Begin PBXNativeTarget section */
		95189DF626BBF70B0024C858 /* Trades */ = {
			isa = PBXNativeTarget;
			buildConfigurationList = 95189E0626BBF70C0024C858 /* Build configuration list for PBXNativeTarget "Trades" */;
			buildPhases = (
				95189DF326BBF70B0024C858 /* Sources */,
				95189DF426BBF70B0024C858 /* Frameworks */,
				95189DF526BBF70B0024C858 /* Resources */,
			);
			buildRules = (
			);
			dependencies = (
			);
			name = Trades;
			packageProductDependencies = (
				95189E0E26BBFD4A0024C858 /* StockCharts */,
			);
			productName = Trades;
			productReference = 95189DF726BBF70B0024C858 /* Trades.app */;
			productType = "com.apple.product-type.application";
		};
/* End PBXNativeTarget section */

/* Begin PBXProject section */
		95189DEF26BBF70B0024C858 /* Project object */ = {
			isa = PBXProject;
			attributes = {
				LastSwiftUpdateCheck = 1250;
				LastUpgradeCheck = 1250;
				TargetAttributes = {
					95189DF626BBF70B0024C858 = {
						CreatedOnToolsVersion = 12.5.1;
					};
				};
			};
			buildConfigurationList = 95189DF226BBF70B0024C858 /* Build configuration list for PBXProject "Trades" */;
			compatibilityVersion = "Xcode 9.3";
			developmentRegion = en;
			hasScannedForEncodings = 0;
			knownRegions = (
				en,
				Base,
			);
			mainGroup = 95189DEE26BBF70B0024C858;
			packageReferences = (
				95189E0D26BBFD4A0024C858 /* XCRemoteSwiftPackageReference "stock-charts" */,
			);
			productRefGroup = 95189DF826BBF70B0024C858 /* Products */;
			projectDirPath = "";
			projectRoot = "";
			targets = (
				95189DF626BBF70B0024C858 /* Trades */,
			);
		};
/* End PBXProject section */

/* Begin PBXResourcesBuildPhase section */
		95189DF526BBF70B0024C858 /* Resources */ = {
			isa = PBXResourcesBuildPhase;
			buildActionMask = 2147483647;
			files = (
				95189E0226BBF70C0024C858 /* Preview Assets.xcassets in Resources */,
				95189E2626BC0E4A0024C858 /* Popular.json in Resources */,
				95189E2426BC0E170024C858 /* Losers.json in Resources */,
				95189E2226BC0E080024C858 /* Gainers.json in Resources */,
				95189DFF26BBF70C0024C858 /* Assets.xcassets in Resources */,
				95189E1E26BC0DC70024C858 /* MostActive.json in Resources */,
			);
			runOnlyForDeploymentPostprocessing = 0;
		};
/* End PBXResourcesBuildPhase section */

/* Begin PBXSourcesBuildPhase section */
		95189DF326BBF70B0024C858 /* Sources */ = {
			isa = PBXSourcesBuildPhase;
			buildActionMask = 2147483647;
			files = (
				95189E1C26BC0A930024C858 /* RandomDataManager.swift in Sources */,
				95189E2A26BC21230024C858 /* Popular.swift in Sources */,
				95189E0A26BBF8870024C858 /* Explorer.swift in Sources */,
				95189E2826BC0EBE0024C858 /* CompanyRow.swift in Sources */,
				95189DFD26BBF70B0024C858 /* ContentView.swift in Sources */,
				95189E0C26BBF89E0024C858 /* Details.swift in Sources */,
				95189E1826BC01BD0024C858 /* JsonManager.swift in Sources */,
				95189E1A26BC02360024C858 /* Company.swift in Sources */,
				95189DFB26BBF70B0024C858 /* TradesApp.swift in Sources */,
				95189E1526BC01580024C858 /* CompanyModel.swift in Sources */,
			);
			runOnlyForDeploymentPostprocessing = 0;
		};
/* End PBXSourcesBuildPhase section */

/* Begin XCBuildConfiguration section */
		95189E0426BBF70C0024C858 /* Debug */ = {
			isa = XCBuildConfiguration;
			buildSettings = {
				ALWAYS_SEARCH_USER_PATHS = NO;
				CLANG_ANALYZER_NONNULL = YES;
				CLANG_ANALYZER_NUMBER_OBJECT_CONVERSION = YES_AGGRESSIVE;
				CLANG_CXX_LANGUAGE_STANDARD = "gnu++14";
				CLANG_CXX_LIBRARY = "libc++";
				CLANG_ENABLE_MODULES = YES;
				CLANG_ENABLE_OBJC_ARC = YES;
				CLANG_ENABLE_OBJC_WEAK = YES;
				CLANG_WARN_BLOCK_CAPTURE_AUTORELEASING = YES;
				CLANG_WARN_BOOL_CONVERSION = YES;
				CLANG_WARN_COMMA = YES;
				CLANG_WARN_CONSTANT_CONVERSION = YES;
				CLANG_WARN_DEPRECATED_OBJC_IMPLEMENTATIONS = YES;
				CLANG_WARN_DIRECT_OBJC_ISA_USAGE = YES_ERROR;
				CLANG_WARN_DOCUMENTATION_COMMENTS = YES;
				CLANG_WARN_EMPTY_BODY = YES;
				CLANG_WARN_ENUM_CONVERSION = YES;
				CLANG_WARN_INFINITE_RECURSION = YES;
				CLANG_WARN_INT_CONVERSION = YES;
				CLANG_WARN_NON_LITERAL_NULL_CONVERSION = YES;
				CLANG_WARN_OBJC_IMPLICIT_RETAIN_SELF = YES;
				CLANG_WARN_OBJC_LITERAL_CONVERSION = YES;
				CLANG_WARN_OBJC_ROOT_CLASS = YES_ERROR;
				CLANG_WARN_QUOTED_INCLUDE_IN_FRAMEWORK_HEADER = YES;
				CLANG_WARN_RANGE_LOOP_ANALYSIS = YES;
				CLANG_WARN_STRICT_PROTOTYPES = YES;
				CLANG_WARN_SUSPICIOUS_MOVE = YES;
				CLANG_WARN_UNGUARDED_AVAILABILITY = YES_AGGRESSIVE;
				CLANG_WARN_UNREACHABLE_CODE = YES;
				CLANG_WARN__DUPLICATE_METHOD_MATCH = YES;
				COPY_PHASE_STRIP = NO;
				DEBUG_INFORMATION_FORMAT = dwarf;
				ENABLE_STRICT_OBJC_MSGSEND = YES;
				ENABLE_TESTABILITY = YES;
				GCC_C_LANGUAGE_STANDARD = gnu11;
				GCC_DYNAMIC_NO_PIC = NO;
				GCC_NO_COMMON_BLOCKS = YES;
				GCC_OPTIMIZATION_LEVEL = 0;
				GCC_PREPROCESSOR_DEFINITIONS = (
					"DEBUG=1",
					"$(inherited)",
				);
				GCC_WARN_64_TO_32_BIT_CONVERSION = YES;
				GCC_WARN_ABOUT_RETURN_TYPE = YES_ERROR;
				GCC_WARN_UNDECLARED_SELECTOR = YES;
				GCC_WARN_UNINITIALIZED_AUTOS = YES_AGGRESSIVE;
				GCC_WARN_UNUSED_FUNCTION = YES;
				GCC_WARN_UNUSED_VARIABLE = YES;
				IPHONEOS_DEPLOYMENT_TARGET = 14.5;
				MTL_ENABLE_DEBUG_INFO = INCLUDE_SOURCE;
				MTL_FAST_MATH = YES;
				ONLY_ACTIVE_ARCH = YES;
				SDKROOT = iphoneos;
				SWIFT_ACTIVE_COMPILATION_CONDITIONS = DEBUG;
				SWIFT_OPTIMIZATION_LEVEL = "-Onone";
			};
			name = Debug;
		};
		95189E0526BBF70C0024C858 /* Release */ = {
			isa = XCBuildConfiguration;
			buildSettings = {
				ALWAYS_SEARCH_USER_PATHS = NO;
				CLANG_ANALYZER_NONNULL = YES;
				CLANG_ANALYZER_NUMBER_OBJECT_CONVERSION = YES_AGGRESSIVE;
				CLANG_CXX_LANGUAGE_STANDARD = "gnu++14";
				CLANG_CXX_LIBRARY = "libc++";
				CLANG_ENABLE_MODULES = YES;
				CLANG_ENABLE_OBJC_ARC = YES;
				CLANG_ENABLE_OBJC_WEAK = YES;
				CLANG_WARN_BLOCK_CAPTURE_AUTORELEASING = YES;
				CLANG_WARN_BOOL_CONVERSION = YES;
				CLANG_WARN_COMMA = YES;
				CLANG_WARN_CONSTANT_CONVERSION = YES;
				CLANG_WARN_DEPRECATED_OBJC_IMPLEMENTATIONS = YES;
				CLANG_WARN_DIRECT_OBJC_ISA_USAGE = YES_ERROR;
				CLANG_WARN_DOCUMENTATION_COMMENTS = YES;
				CLANG_WARN_EMPTY_BODY = YES;
				CLANG_WARN_ENUM_CONVERSION = YES;
				CLANG_WARN_INFINITE_RECURSION = YES;
				CLANG_WARN_INT_CONVERSION = YES;
				CLANG_WARN_NON_LITERAL_NULL_CONVERSION = YES;
				CLANG_WARN_OBJC_IMPLICIT_RETAIN_SELF = YES;
				CLANG_WARN_OBJC_LITERAL_CONVERSION = YES;
				CLANG_WARN_OBJC_ROOT_CLASS = YES_ERROR;
				CLANG_WARN_QUOTED_INCLUDE_IN_FRAMEWORK_HEADER = YES;
				CLANG_WARN_RANGE_LOOP_ANALYSIS = YES;
				CLANG_WARN_STRICT_PROTOTYPES = YES;
				CLANG_WARN_SUSPICIOUS_MOVE = YES;
				CLANG_WARN_UNGUARDED_AVAILABILITY = YES_AGGRESSIVE;
				CLANG_WARN_UNREACHABLE_CODE = YES;
				CLANG_WARN__DUPLICATE_METHOD_MATCH = YES;
				COPY_PHASE_STRIP = NO;
				DEBUG_INFORMATION_FORMAT = "dwarf-with-dsym";
				ENABLE_NS_ASSERTIONS = NO;
				ENABLE_STRICT_OBJC_MSGSEND = YES;
				GCC_C_LANGUAGE_STANDARD = gnu11;
				GCC_NO_COMMON_BLOCKS = YES;
				GCC_WARN_64_TO_32_BIT_CONVERSION = YES;
				GCC_WARN_ABOUT_RETURN_TYPE = YES_ERROR;
				GCC_WARN_UNDECLARED_SELECTOR = YES;
				GCC_WARN_UNINITIALIZED_AUTOS = YES_AGGRESSIVE;
				GCC_WARN_UNUSED_FUNCTION = YES;
				GCC_WARN_UNUSED_VARIABLE = YES;
				IPHONEOS_DEPLOYMENT_TARGET = 14.5;
				MTL_ENABLE_DEBUG_INFO = NO;
				MTL_FAST_MATH = YES;
				SDKROOT = iphoneos;
				SWIFT_COMPILATION_MODE = wholemodule;
				SWIFT_OPTIMIZATION_LEVEL = "-O";
				VALIDATE_PRODUCT = YES;
			};
			name = Release;
		};
		95189E0726BBF70C0024C858 /* Debug */ = {
			isa = XCBuildConfiguration;
			buildSettings = {
				ASSETCATALOG_COMPILER_APPICON_NAME = AppIcon;
				ASSETCATALOG_COMPILER_GLOBAL_ACCENT_COLOR_NAME = AccentColor;
				CODE_SIGN_STYLE = Automatic;
				DEVELOPMENT_ASSET_PATHS = "\"Trades/Preview Content\"";
				DEVELOPMENT_TEAM = MTX83R5H8X;
				ENABLE_PREVIEWS = YES;
				INFOPLIST_FILE = Trades/Info.plist;
				IPHONEOS_DEPLOYMENT_TARGET = 14.0;
				LD_RUNPATH_SEARCH_PATHS = (
					"$(inherited)",
					"@executable_path/Frameworks",
				);
				PRODUCT_BUNDLE_IDENTIFIER = io.dennistech.Trades;
				PRODUCT_NAME = "$(TARGET_NAME)";
				SWIFT_VERSION = 5.0;
				TARGETED_DEVICE_FAMILY = "1,2";
			};
			name = Debug;
		};
		95189E0826BBF70C0024C858 /* Release */ = {
			isa = XCBuildConfiguration;
			buildSettings = {
				ASSETCATALOG_COMPILER_APPICON_NAME = AppIcon;
				ASSETCATALOG_COMPILER_GLOBAL_ACCENT_COLOR_NAME = AccentColor;
				CODE_SIGN_STYLE = Automatic;
				DEVELOPMENT_ASSET_PATHS = "\"Trades/Preview Content\"";
				DEVELOPMENT_TEAM = MTX83R5H8X;
				ENABLE_PREVIEWS = YES;
				INFOPLIST_FILE = Trades/Info.plist;
				IPHONEOS_DEPLOYMENT_TARGET = 14.0;
				LD_RUNPATH_SEARCH_PATHS = (
					"$(inherited)",
					"@executable_path/Frameworks",
				);
				PRODUCT_BUNDLE_IDENTIFIER = io.dennistech.Trades;
				PRODUCT_NAME = "$(TARGET_NAME)";
				SWIFT_VERSION = 5.0;
				TARGETED_DEVICE_FAMILY = "1,2";
			};
			name = Release;
		};
/* End XCBuildConfiguration section */

/* Begin XCConfigurationList section */
		95189DF226BBF70B0024C858 /* Build configuration list for PBXProject "Trades" */ = {
			isa = XCConfigurationList;
			buildConfigurations = (
				95189E0426BBF70C0024C858 /* Debug */,
				95189E0526BBF70C0024C858 /* Release */,
			);
			defaultConfigurationIsVisible = 0;
			defaultConfigurationName = Release;
		};
		95189E0626BBF70C0024C858 /* Build configuration list for PBXNativeTarget "Trades" */ = {
			isa = XCConfigurationList;
			buildConfigurations = (
				95189E0726BBF70C0024C858 /* Debug */,
				95189E0826BBF70C0024C858 /* Release */,
			);
			defaultConfigurationIsVisible = 0;
			defaultConfigurationName = Release;
		};
/* End XCConfigurationList section */

/* Begin XCRemoteSwiftPackageReference section */
		95189E0D26BBFD4A0024C858 /* XCRemoteSwiftPackageReference "stock-charts" */ = {
			isa = XCRemoteSwiftPackageReference;
			repositoryURL = "https://github.com/denniscm190/stock-charts.git";
			requirement = {
				branch = development;
				kind = branch;
			};
		};
/* End XCRemoteSwiftPackageReference section */

/* Begin XCSwiftPackageProductDependency section */
		95189E0E26BBFD4A0024C858 /* StockCharts */ = {
			isa = XCSwiftPackageProductDependency;
			package = 95189E0D26BBFD4A0024C858 /* XCRemoteSwiftPackageReference "stock-charts" */;
			productName = StockCharts;
		};
/* End XCSwiftPackageProductDependency section */
	};
	rootObject = 95189DEF26BBF70B0024C858 /* Project object */;
}
